
Microsoft Visual Studio Solution File, Format Version 12.00
# Visual Studio Version 17
VisualStudioVersion = 17.10.34928.147
MinimumVisualStudioVersion = 10.0.40219.1
Project("{FAE04EC0-301F-11D3-BF4B-00C04F79EFBC}") = "Session2 MVC", "Session2 MVC\Session2 MVC.csproj", "{4743AC21-8253-4B5B-9C9A-F9156741107B}"
EndProject
Global
	GlobalSection(SolutionConfigurationPlatforms) = preSolution
		Debug|Any CPU = Debug|Any CPU
		Release|Any CPU = Release|Any CPU
	EndGlobalSection
	GlobalSection(ProjectConfigurationPlatforms) = postSolution
		{4743AC21-8253-4B5B-9C9A-F9156741107B}.Debug|Any CPU.ActiveCfg = Debug|Any CPU
		{4743AC21-8253-4B5B-9C9A-F9156741107B}.Debug|Any CPU.Build.0 = Debug|Any CPU
		{4743AC21-8253-4B5B-9C9A-F9156741107B}.Release|Any CPU.ActiveCfg = Release|Any CPU
		{4743AC21-8253-4B5B-9C9A-F9156741107B}.Release|Any CPU.Build.0 = Release|Any CPU
	EndGlobalSection
	GlobalSection(SolutionProperties) = preSolution
		HideSolutionNode = FALSE
	EndGlobalSection
	GlobalSection(ExtensibilityGlobals) = postSolution
		SolutionGuid = {1E840F2E-537B-4DDD-B25F-4E4FBA3A4683}
	EndGlobalSection
EndGlobal
